
Microsoft Visual Studio Solution File, Format Version 12.00
# Visual Studio 15
VisualStudioVersion = 15.0.27703.2047
MinimumVisualStudioVersion = 10.0.40219.1
Project("{9A19103F-16F7-4668-BE54-9A1E7A4F7556}") = "Apps.Utils", "Apps.Utils\Apps.Utils.csproj", "{FD37C256-6A5D-455C-BED7-255ED9556DEC}"
EndProject
Project("{9A19103F-16F7-4668-BE54-9A1E7A4F7556}") = "Apps.WebApp", "Apps.WebApp\Apps.WebApp.csproj", "{DF7382CA-18DA-41CE-8E8B-2E2FE8123B9B}"
EndProject
Project("{FAE04EC0-301F-11D3-BF4B-00C04F79EFBC}") = "Apps.WebApp.Repository", "Apps.WebApp.Repository\Apps.WebApp.Repository.csproj", "{325EF0B5-2FEC-47A9-9192-462F9FED7202}"
EndProject
Global
	GlobalSection(SolutionConfigurationPlatforms) = preSolution
		Debug|Any CPU = Debug|Any CPU
		Release|Any CPU = Release|Any CPU
	EndGlobalSection
	GlobalSection(ProjectConfigurationPlatforms) = postSolution
		{FD37C256-6A5D-455C-BED7-255ED9556DEC}.Debug|Any CPU.ActiveCfg = Debug|Any CPU
		{FD37C256-6A5D-455C-BED7-255ED9556DEC}.Debug|Any CPU.Build.0 = Debug|Any CPU
		{FD37C256-6A5D-455C-BED7-255ED9556DEC}.Release|Any CPU.ActiveCfg = Release|Any CPU
		{FD37C256-6A5D-455C-BED7-255ED9556DEC}.Release|Any CPU.Build.0 = Release|Any CPU
		{DF7382CA-18DA-41CE-8E8B-2E2FE8123B9B}.Debug|Any CPU.ActiveCfg = Debug|Any CPU
		{DF7382CA-18DA-41CE-8E8B-2E2FE8123B9B}.Debug|Any CPU.Build.0 = Debug|Any CPU
		{DF7382CA-18DA-41CE-8E8B-2E2FE8123B9B}.Release|Any CPU.ActiveCfg = Release|Any CPU
		{DF7382CA-18DA-41CE-8E8B-2E2FE8123B9B}.Release|Any CPU.Build.0 = Release|Any CPU
		{325EF0B5-2FEC-47A9-9192-462F9FED7202}.Debug|Any CPU.ActiveCfg = Debug|Any CPU
		{325EF0B5-2FEC-47A9-9192-462F9FED7202}.Debug|Any CPU.Build.0 = Debug|Any CPU
		{325EF0B5-2FEC-47A9-9192-462F9FED7202}.Release|Any CPU.ActiveCfg = Release|Any CPU
		{325EF0B5-2FEC-47A9-9192-462F9FED7202}.Release|Any CPU.Build.0 = Release|Any CPU
	EndGlobalSection
	GlobalSection(SolutionProperties) = preSolution
		HideSolutionNode = FALSE
	EndGlobalSection
	GlobalSection(ExtensibilityGlobals) = postSolution
		SolutionGuid = {BF96BB71-6F8F-4505-A5B5-EAA1DE395B0D}
	EndGlobalSection
EndGlobal
